
Microsoft Visual Studio Solution File, Format Version 12.00
# Visual Studio Version 17
VisualStudioVersion = 17.7.34202.233
MinimumVisualStudioVersion = 10.0.40219.1
Project("{FAE04EC0-301F-11D3-BF4B-00C04F79EFBC}") = "SunLigthRef", "SunLigthRef\SunLigthRef.csproj", "{1BE270FE-5A7D-47A2-B796-DB3AEC56AA8A}"
EndProject
Global
	GlobalSection(SolutionConfigurationPlatforms) = preSolution
		Debug|Any CPU = Debug|Any CPU
		Release|Any CPU = Release|Any CPU
	EndGlobalSection
	GlobalSection(ProjectConfigurationPlatforms) = postSolution
		{1BE270FE-5A7D-47A2-B796-DB3AEC56AA8A}.Debug|Any CPU.ActiveCfg = Debug|Any CPU
		{1BE270FE-5A7D-47A2-B796-DB3AEC56AA8A}.Debug|Any CPU.Build.0 = Debug|Any CPU
		{1BE270FE-5A7D-47A2-B796-DB3AEC56AA8A}.Release|Any CPU.ActiveCfg = Release|Any CPU
		{1BE270FE-5A7D-47A2-B796-DB3AEC56AA8A}.Release|Any CPU.Build.0 = Release|Any CPU
	EndGlobalSection
	GlobalSection(SolutionProperties) = preSolution
		HideSolutionNode = FALSE
	EndGlobalSection
	GlobalSection(ExtensibilityGlobals) = postSolution
		SolutionGuid = {936FC491-35F6-443F-973A-A8B762892BC3}
	EndGlobalSection
EndGlobal
